// !$*UTF8*$!
{
	archiveVersion = 1;
	classes = {
	};
	objectVersion = 46;
	objects = {

/* Begin PBXBuildFile section */
		6391AE5F19F8FE5D00DAA557 /* AppDelegate.swift in Sources */ = {isa = PBXBuildFile; fileRef = 6391AE5E19F8FE5D00DAA557 /* AppDelegate.swift */; };
		6391AE6119F8FE5D00DAA557 /* ViewController.swift in Sources */ = {isa = PBXBuildFile; fileRef = 6391AE6019F8FE5D00DAA557 /* ViewController.swift */; };
		6391AE6419F8FE5D00DAA557 /* Main.storyboard in Resources */ = {isa = PBXBuildFile; fileRef = 6391AE6219F8FE5D00DAA557 /* Main.storyboard */; };
		6391AE6619F8FE5D00DAA557 /* Images.xcassets in Resources */ = {isa = PBXBuildFile; fileRef = 6391AE6519F8FE5D00DAA557 /* Images.xcassets */; };
		6391AE6919F8FE5D00DAA557 /* LaunchScreen.xib in Resources */ = {isa = PBXBuildFile; fileRef = 6391AE6719F8FE5D00DAA557 /* LaunchScreen.xib */; };
		6391AE7519F8FE5D00DAA557 /* SuperRecordDemoTests.swift in Sources */ = {isa = PBXBuildFile; fileRef = 6391AE7419F8FE5D00DAA557 /* SuperRecordDemoTests.swift */; };
/* End PBXBuildFile section */

/* Begin PBXContainerItemProxy section */
		6391AE6F19F8FE5D00DAA557 /* PBXContainerItemProxy */ = {
			isa = PBXContainerItemProxy;
			containerPortal = 6391AE5119F8FE5C00DAA557 /* Project object */;
			proxyType = 1;
			remoteGlobalIDString = 6391AE5819F8FE5D00DAA557;
			remoteInfo = SuperRecordDemo;
		};
/* End PBXContainerItemProxy section */

/* Begin PBXFileReference section */
		6391AE5919F8FE5D00DAA557 /* SuperRecordDemo.app */ = {isa = PBXFileReference; explicitFileType = wrapper.application; includeInIndex = 0; path = SuperRecordDemo.app; sourceTree = BUILT_PRODUCTS_DIR; };
		6391AE5D19F8FE5D00DAA557 /* Info.plist */ = {isa = PBXFileReference; lastKnownFileType = text.plist.xml; path = Info.plist; sourceTree = "<group>"; };
		6391AE5E19F8FE5D00DAA557 /* AppDelegate.swift */ = {isa = PBXFileReference; lastKnownFileType = sourcecode.swift; path = AppDelegate.swift; sourceTree = "<group>"; };
		6391AE6019F8FE5D00DAA557 /* ViewController.swift */ = {isa = PBXFileReference; lastKnownFileType = sourcecode.swift; path = ViewController.swift; sourceTree = "<group>"; };
		6391AE6319F8FE5D00DAA557 /* Base */ = {isa = PBXFileReference; lastKnownFileType = file.storyboard; name = Base; path = Base.lproj/Main.storyboard; sourceTree = "<group>"; };
		6391AE6519F8FE5D00DAA557 /* Images.xcassets */ = {isa = PBXFileReference; lastKnownFileType = folder.assetcatalog; path = Images.xcassets; sourceTree = "<group>"; };
		6391AE6819F8FE5D00DAA557 /* Base */ = {isa = PBXFileReference; lastKnownFileType = file.xib; name = Base; path = Base.lproj/LaunchScreen.xib; sourceTree = "<group>"; };
		6391AE6E19F8FE5D00DAA557 /* SuperRecordDemoTests.xctest */ = {isa = PBXFileReference; explicitFileType = wrapper.cfbundle; includeInIndex = 0; path = SuperRecordDemoTests.xctest; sourceTree = BUILT_PRODUCTS_DIR; };
		6391AE7319F8FE5D00DAA557 /* Info.plist */ = {isa = PBXFileReference; lastKnownFileType = text.plist.xml; path = Info.plist; sourceTree = "<group>"; };
		6391AE7419F8FE5D00DAA557 /* SuperRecordDemoTests.swift */ = {isa = PBXFileReference; lastKnownFileType = sourcecode.swift; path = SuperRecordDemoTests.swift; sourceTree = "<group>"; };
/* End PBXFileReference section */

/* Begin PBXFrameworksBuildPhase section */
		6391AE5619F8FE5D00DAA557 /* Frameworks */ = {
			isa = PBXFrameworksBuildPhase;
			buildActionMask = 2147483647;
			files = (
			);
			runOnlyForDeploymentPostprocessing = 0;
		};
		6391AE6B19F8FE5D00DAA557 /* Frameworks */ = {
			isa = PBXFrameworksBuildPhase;
			buildActionMask = 2147483647;
			files = (
			);
			runOnlyForDeploymentPostprocessing = 0;
		};
/* End PBXFrameworksBuildPhase section */

/* Begin PBXGroup section */
		6391AE5019F8FE5C00DAA557 = {
			isa = PBXGroup;
			children = (
				6391AE5B19F8FE5D00DAA557 /* SuperRecordDemo */,
				6391AE7119F8FE5D00DAA557 /* SuperRecordDemoTests */,
				6391AE5A19F8FE5D00DAA557 /* Products */,
			);
			sourceTree = "<group>";
		};
		6391AE5A19F8FE5D00DAA557 /* Products */ = {
			isa = PBXGroup;
			children = (
				6391AE5919F8FE5D00DAA557 /* SuperRecordDemo.app */,
				6391AE6E19F8FE5D00DAA557 /* SuperRecordDemoTests.xctest */,
			);
			name = Products;
			sourceTree = "<group>";
		};
		6391AE5B19F8FE5D00DAA557 /* SuperRecordDemo */ = {
			isa = PBXGroup;
			children = (
				6391AE5E19F8FE5D00DAA557 /* AppDelegate.swift */,
				6391AE6019F8FE5D00DAA557 /* ViewController.swift */,
				6391AE6219F8FE5D00DAA557 /* Main.storyboard */,
				6391AE6519F8FE5D00DAA557 /* Images.xcassets */,
				6391AE6719F8FE5D00DAA557 /* LaunchScreen.xib */,
				6391AE5C19F8FE5D00DAA557 /* Supporting Files */,
			);
			path = SuperRecordDemo;
			sourceTree = "<group>";
		};
		6391AE5C19F8FE5D00DAA557 /* Supporting Files */ = {
			isa = PBXGroup;
			children = (
				6391AE5D19F8FE5D00DAA557 /* Info.plist */,
			);
			name = "Supporting Files";
			sourceTree = "<group>";
		};
		6391AE7119F8FE5D00DAA557 /* SuperRecordDemoTests */ = {
			isa = PBXGroup;
			children = (
				6391AE7419F8FE5D00DAA557 /* SuperRecordDemoTests.swift */,
				6391AE7219F8FE5D00DAA557 /* Supporting Files */,
			);
			path = SuperRecordDemoTests;
			sourceTree = "<group>";
		};
		6391AE7219F8FE5D00DAA557 /* Supporting Files */ = {
			isa = PBXGroup;
			children = (
				6391AE7319F8FE5D00DAA557 /* Info.plist */,
			);
			name = "Supporting Files";
			sourceTree = "<group>";
		};
/* End PBXGroup section */

/* Begin PBXNativeTarget section */
		6391AE5819F8FE5D00DAA557 /* SuperRecordDemo */ = {
			isa = PBXNativeTarget;
			buildConfigurationList = 6391AE7819F8FE5D00DAA557 /* Build configuration list for PBXNativeTarget "SuperRecordDemo" */;
			buildPhases = (
				6391AE5519F8FE5D00DAA557 /* Sources */,
				6391AE5619F8FE5D00DAA557 /* Frameworks */,
				6391AE5719F8FE5D00DAA557 /* Resources */,
			);
			buildRules = (
			);
			dependencies = (
			);
			name = SuperRecordDemo;
			productName = SuperRecordDemo;
			productReference = 6391AE5919F8FE5D00DAA557 /* SuperRecordDemo.app */;
			productType = "com.apple.product-type.application";
		};
		6391AE6D19F8FE5D00DAA557 /* SuperRecordDemoTests */ = {
			isa = PBXNativeTarget;
			buildConfigurationList = 6391AE7B19F8FE5D00DAA557 /* Build configuration list for PBXNativeTarget "SuperRecordDemoTests" */;
			buildPhases = (
				6391AE6A19F8FE5D00DAA557 /* Sources */,
				6391AE6B19F8FE5D00DAA557 /* Frameworks */,
				6391AE6C19F8FE5D00DAA557 /* Resources */,
			);
			buildRules = (
			);
			dependencies = (
				6391AE7019F8FE5D00DAA557 /* PBXTargetDependency */,
			);
			name = SuperRecordDemoTests;
			productName = SuperRecordDemoTests;
			productReference = 6391AE6E19F8FE5D00DAA557 /* SuperRecordDemoTests.xctest */;
			productType = "com.apple.product-type.bundle.unit-test";
		};
/* End PBXNativeTarget section */

/* Begin PBXProject section */
		6391AE5119F8FE5C00DAA557 /* Project object */ = {
			isa = PBXProject;
			attributes = {
				LastUpgradeCheck = 0610;
				ORGANIZATIONNAME = "Michael Armstrong";
				TargetAttributes = {
					6391AE5819F8FE5D00DAA557 = {
						CreatedOnToolsVersion = 6.1;
					};
					6391AE6D19F8FE5D00DAA557 = {
						CreatedOnToolsVersion = 6.1;
						TestTargetID = 6391AE5819F8FE5D00DAA557;
					};
				};
			};
			buildConfigurationList = 6391AE5419F8FE5C00DAA557 /* Build configuration list for PBXProject "SuperRecordDemo" */;
			compatibilityVersion = "Xcode 3.2";
			developmentRegion = English;
			hasScannedForEncodings = 0;
			knownRegions = (
				en,
				Base,
			);
			mainGroup = 6391AE5019F8FE5C00DAA557;
			productRefGroup = 6391AE5A19F8FE5D00DAA557 /* Products */;
			projectDirPath = "";
			projectRoot = "";
			targets = (
				6391AE5819F8FE5D00DAA557 /* SuperRecordDemo */,
				6391AE6D19F8FE5D00DAA557 /* SuperRecordDemoTests */,
			);
		};
/* End PBXProject section */

/* Begin PBXResourcesBuildPhase section */
		6391AE5719F8FE5D00DAA557 /* Resources */ = {
			isa = PBXResourcesBuildPhase;
			buildActionMask = 2147483647;
			files = (
				6391AE6419F8FE5D00DAA557 /* Main.storyboard in Resources */,
				6391AE6919F8FE5D00DAA557 /* LaunchScreen.xib in Resources */,
				6391AE6619F8FE5D00DAA557 /* Images.xcassets in Resources */,
			);
			runOnlyForDeploymentPostprocessing = 0;
		};
		6391AE6C19F8FE5D00DAA557 /* Resources */ = {
			isa = PBXResourcesBuildPhase;
			buildActionMask = 2147483647;
			files = (
			);
			runOnlyForDeploymentPostprocessing = 0;
		};
/* End PBXResourcesBuildPhase section */

/* Begin PBXSourcesBuildPhase section */
		6391AE5519F8FE5D00DAA557 /* Sources */ = {
			isa = PBXSourcesBuildPhase;
			buildActionMask = 2147483647;
			files = (
				6391AE6119F8FE5D00DAA557 /* ViewController.swift in Sources */,
				6391AE5F19F8FE5D00DAA557 /* AppDelegate.swift in Sources */,
			);
			runOnlyForDeploymentPostprocessing = 0;
		};
		6391AE6A19F8FE5D00DAA557 /* Sources */ = {
			isa = PBXSourcesBuildPhase;
			buildActionMask = 2147483647;
			files = (
				6391AE7519F8FE5D00DAA557 /* SuperRecordDemoTests.swift in Sources */,
			);
			runOnlyForDeploymentPostprocessing = 0;
		};
/* End PBXSourcesBuildPhase section */

/* Begin PBXTargetDependency section */
		6391AE7019F8FE5D00DAA557 /* PBXTargetDependency */ = {
			isa = PBXTargetDependency;
			target = 6391AE5819F8FE5D00DAA557 /* SuperRecordDemo */;
			targetProxy = 6391AE6F19F8FE5D00DAA557 /* PBXContainerItemProxy */;
		};
/* End PBXTargetDependency section */

/* Begin PBXVariantGroup section */
		6391AE6219F8FE5D00DAA557 /* Main.storyboard */ = {
			isa = PBXVariantGroup;
			children = (
				6391AE6319F8FE5D00DAA557 /* Base */,
			);
			name = Main.storyboard;
			sourceTree = "<group>";
		};
		6391AE6719F8FE5D00DAA557 /* LaunchScreen.xib */ = {
			isa = PBXVariantGroup;
			children = (
				6391AE6819F8FE5D00DAA557 /* Base */,
			);
			name = LaunchScreen.xib;
			sourceTree = "<group>";
		};
/* End PBXVariantGroup section */

/* Begin XCBuildConfiguration section */
		6391AE7619F8FE5D00DAA557 /* Debug */ = {
			isa = XCBuildConfiguration;
			buildSettings = {
				ALWAYS_SEARCH_USER_PATHS = NO;
				CLANG_CXX_LANGUAGE_STANDARD = "gnu++0x";
				CLANG_CXX_LIBRARY = "libc++";
				CLANG_ENABLE_MODULES = YES;
				CLANG_ENABLE_OBJC_ARC = YES;
				CLANG_WARN_BOOL_CONVERSION = YES;
				CLANG_WARN_CONSTANT_CONVERSION = YES;
				CLANG_WARN_DIRECT_OBJC_ISA_USAGE = YES_ERROR;
				CLANG_WARN_EMPTY_BODY = YES;
				CLANG_WARN_ENUM_CONVERSION = YES;
				CLANG_WARN_INT_CONVERSION = YES;
				CLANG_WARN_OBJC_ROOT_CLASS = YES_ERROR;
				CLANG_WARN_UNREACHABLE_CODE = YES;
				CLANG_WARN__DUPLICATE_METHOD_MATCH = YES;
				"CODE_SIGN_IDENTITY[sdk=iphoneos*]" = "iPhone Developer";
				COPY_PHASE_STRIP = NO;
				ENABLE_STRICT_OBJC_MSGSEND = YES;
				GCC_C_LANGUAGE_STANDARD = gnu99;
				GCC_DYNAMIC_NO_PIC = NO;
				GCC_OPTIMIZATION_LEVEL = 0;
				GCC_PREPROCESSOR_DEFINITIONS = (
					"DEBUG=1",
					"$(inherited)",
				);
				GCC_SYMBOLS_PRIVATE_EXTERN = NO;
				GCC_WARN_64_TO_32_BIT_CONVERSION = YES;
				GCC_WARN_ABOUT_RETURN_TYPE = YES_ERROR;
				GCC_WARN_UNDECLARED_SELECTOR = YES;
				GCC_WARN_UNINITIALIZED_AUTOS = YES_AGGRESSIVE;
				GCC_WARN_UNUSED_FUNCTION = YES;
				GCC_WARN_UNUSED_VARIABLE = YES;
				IPHONEOS_DEPLOYMENT_TARGET = 8.1;
				MTL_ENABLE_DEBUG_INFO = YES;
				ONLY_ACTIVE_ARCH = YES;
				SDKROOT = iphoneos;
				SWIFT_OPTIMIZATION_LEVEL = "-Onone";
			};
			name = Debug;
		};
		6391AE7719F8FE5D00DAA557 /* Release */ = {
			isa = XCBuildConfiguration;
			buildSettings = {
				ALWAYS_SEARCH_USER_PATHS = NO;
				CLANG_CXX_LANGUAGE_STANDARD = "gnu++0x";
				CLANG_CXX_LIBRARY = "libc++";
				CLANG_ENABLE_MODULES = YES;
				CLANG_ENABLE_OBJC_ARC = YES;
				CLANG_WARN_BOOL_CONVERSION = YES;
				CLANG_WARN_CONSTANT_CONVERSION = YES;
				CLANG_WARN_DIRECT_OBJC_ISA_USAGE = YES_ERROR;
				CLANG_WARN_EMPTY_BODY = YES;
				CLANG_WARN_ENUM_CONVERSION = YES;
				CLANG_WARN_INT_CONVERSION = YES;
				CLANG_WARN_OBJC_ROOT_CLASS = YES_ERROR;
				CLANG_WARN_UNREACHABLE_CODE = YES;
				CLANG_WARN__DUPLICATE_METHOD_MATCH = YES;
				"CODE_SIGN_IDENTITY[sdk=iphoneos*]" = "iPhone Developer";
				COPY_PHASE_STRIP = YES;
				ENABLE_NS_ASSERTIONS = NO;
				ENABLE_STRICT_OBJC_MSGSEND = YES;
				GCC_C_LANGUAGE_STANDARD = gnu99;
				GCC_WARN_64_TO_32_BIT_CONVERSION = YES;
				GCC_WARN_ABOUT_RETURN_TYPE = YES_ERROR;
				GCC_WARN_UNDECLARED_SELECTOR = YES;
				GCC_WARN_UNINITIALIZED_AUTOS = YES_AGGRESSIVE;
				GCC_WARN_UNUSED_FUNCTION = YES;
				GCC_WARN_UNUSED_VARIABLE = YES;
				IPHONEOS_DEPLOYMENT_TARGET = 8.1;
				MTL_ENABLE_DEBUG_INFO = NO;
				SDKROOT = iphoneos;
				VALIDATE_PRODUCT = YES;
			};
			name = Release;
		};
		6391AE7919F8FE5D00DAA557 /* Debug */ = {
			isa = XCBuildConfiguration;
			buildSettings = {
				ASSETCATALOG_COMPILER_APPICON_NAME = AppIcon;
				INFOPLIST_FILE = SuperRecordDemo/Info.plist;
				LD_RUNPATH_SEARCH_PATHS = "$(inherited) @executable_path/Frameworks";
				PRODUCT_NAME = "$(TARGET_NAME)";
			};
			name = Debug;
		};
		6391AE7A19F8FE5D00DAA557 /* Release */ = {
			isa = XCBuildConfiguration;
			buildSettings = {
				ASSETCATALOG_COMPILER_APPICON_NAME = AppIcon;
				INFOPLIST_FILE = SuperRecordDemo/Info.plist;
				LD_RUNPATH_SEARCH_PATHS = "$(inherited) @executable_path/Frameworks";
				PRODUCT_NAME = "$(TARGET_NAME)";
			};
			name = Release;
		};
		6391AE7C19F8FE5D00DAA557 /* Debug */ = {
			isa = XCBuildConfiguration;
			buildSettings = {
				BUNDLE_LOADER = "$(TEST_HOST)";
				FRAMEWORK_SEARCH_PATHS = (
					"$(SDKROOT)/Developer/Library/Frameworks",
					"$(inherited)",
				);
				GCC_PREPROCESSOR_DEFINITIONS = (
					"DEBUG=1",
					"$(inherited)",
				);
				INFOPLIST_FILE = SuperRecordDemoTests/Info.plist;
				LD_RUNPATH_SEARCH_PATHS = "$(inherited) @executable_path/Frameworks @loader_path/Frameworks";
				PRODUCT_NAME = "$(TARGET_NAME)";
				TEST_HOST = "$(BUILT_PRODUCTS_DIR)/SuperRecordDemo.app/SuperRecordDemo";
			};
			name = Debug;
		};
		6391AE7D19F8FE5D00DAA557 /* Release */ = {
			isa = XCBuildConfiguration;
			buildSettings = {
				BUNDLE_LOADER = "$(TEST_HOST)";
				FRAMEWORK_SEARCH_PATHS = (
					"$(SDKROOT)/Developer/Library/Frameworks",
					"$(inherited)",
				);
				INFOPLIST_FILE = SuperRecordDemoTests/Info.plist;
				LD_RUNPATH_SEARCH_PATHS = "$(inherited) @executable_path/Frameworks @loader_path/Frameworks";
				PRODUCT_NAME = "$(TARGET_NAME)";
				TEST_HOST = "$(BUILT_PRODUCTS_DIR)/SuperRecordDemo.app/SuperRecordDemo";
			};
			name = Release;
		};
/* End XCBuildConfiguration section */

/* Begin XCConfigurationList section */
		6391AE5419F8FE5C00DAA557 /* Build configuration list for PBXProject "SuperRecordDemo" */ = {
			isa = XCConfigurationList;
			buildConfigurations = (
				6391AE7619F8FE5D00DAA557 /* Debug */,
				6391AE7719F8FE5D00DAA557 /* Release */,
			);
			defaultConfigurationIsVisible = 0;
			defaultConfigurationName = Release;
		};
		6391AE7819F8FE5D00DAA557 /* Build configuration list for PBXNativeTarget "SuperRecordDemo" */ = {
			isa = XCConfigurationList;
			buildConfigurations = (
				6391AE7919F8FE5D00DAA557 /* Debug */,
				6391AE7A19F8FE5D00DAA557 /* Release */,
			);
			defaultConfigurationIsVisible = 0;
		};
		6391AE7B19F8FE5D00DAA557 /* Build configuration list for PBXNativeTarget "SuperRecordDemoTests" */ = {
			isa = XCConfigurationList;
			buildConfigurations = (
				6391AE7C19F8FE5D00DAA557 /* Debug */,
				6391AE7D19F8FE5D00DAA557 /* Release */,
			);
			defaultConfigurationIsVisible = 0;
		};
/* End XCConfigurationList section */
	};
	rootObject = 6391AE5119F8FE5C00DAA557 /* Project object */;
}
